Microsoft Visual Studio Solution File, Format Version 12.00
# Visual Studio Version 17
VisualStudioVersion = 17.5.2.0
MinimumVisualStudioVersion = 10.0.40219.1
Project("{FAE04EC0-301F-11D3-BF4B-00C04F79EFBC}") = "SimpleBankingApplication", "SimpleBankingApplication.csproj", "{434B7BBA-4324-17CB-F41F-C6E6765F2C1D}"
EndProject
Global
	GlobalSection(SolutionConfigurationPlatforms) = preSolution
		Debug|Any CPU = Debug|Any CPU
		Release|Any CPU = Release|Any CPU
	EndGlobalSection
	GlobalSection(ProjectConfigurationPlatforms) = postSolution
		{434B7BBA-4324-17CB-F41F-C6E6765F2C1D}.Debug|Any CPU.ActiveCfg = Debug|Any CPU
		{434B7BBA-4324-17CB-F41F-C6E6765F2C1D}.Debug|Any CPU.Build.0 = Debug|Any CPU
		{434B7BBA-4324-17CB-F41F-C6E6765F2C1D}.Release|Any CPU.ActiveCfg = Release|Any CPU
		{434B7BBA-4324-17CB-F41F-C6E6765F2C1D}.Release|Any CPU.Build.0 = Release|Any CPU
	EndGlobalSection
	GlobalSection(SolutionProperties) = preSolution
		HideSolutionNode = FALSE
	EndGlobalSection
	GlobalSection(ExtensibilityGlobals) = postSolution
		SolutionGuid = {BCC89956-B7A6-4E13-AB06-21077DFBD3BA}
	EndGlobalSection
EndGlobal
